<?xml version="1.0" encoding="UTF-8" standalone="yes" ?>
<CodeBlocks_project_file>
	<FileVersion major="1" minor="6" />
	<Project>
		<Option title="GAME_2" />
		<Option pch_mode="2" />
		<Option compiler="gcc" />
		<Build>
			<Target title="Debug">
				<Option output="bin/Debug/GAME_2" prefix_auto="1" extension_auto="1" />
				<Option object_output="obj/Debug/" />
				<Option type="1" />
				<Option compiler="gcc" />
				<Compiler>
					<Add option="-g" />
				</Compiler>
			</Target>
			<Target title="Release">
				<Option output="bin/Release/GAME_2" prefix_auto="1" extension_auto="1" />
				<Option object_output="obj/Release/" />
				<Option type="1" />
				<Option compiler="gcc" />
				<Compiler>
					<Add option="-O2" />
				</Compiler>
				<Linker>
					<Add option="-s" />
				</Linker>
			</Target>
		</Build>
		<Compiler>
			<Add option="-Wall" />
		</Compiler>
		<Unit filename="corridor.c">
			<Option compilerVar="CC" />
		</Unit>
		<Unit filename="corridor.h" />
		<Unit filename="escape.c">
			<Option compilerVar="CC" />
		</Unit>
		<Unit filename="escape.h" />
		<Unit filename="garden.c">
			<Option compilerVar="CC" />
		</Unit>
		<Unit filename="garden.h" />
		<Unit filename="main.c">
			<Option compilerVar="CC" />
		</Unit>
		<Unit filename="room_1.c">
			<Option compilerVar="CC" />
		</Unit>
		<Unit filename="room_1.h" />
		<Unit filename="room_2.c">
			<Option compilerVar="CC" />
		</Unit>
		<Unit filename="room_2.h" />
		<Unit filename="tunnel.c">
			<Option compilerVar="CC" />
		</Unit>
		<Unit filename="tunnel.h" />
		<Extensions>
			<code_completion />
			<envvars />
			<debugger />
			<lib_finder disable_auto="1" />
		</Extensions>
	</Project>
</CodeBlocks_project_file>
